lockfileVersion: '6.0'

settings:
  autoInstallPeers: true
  excludeLinksFromLockfile: false

dependencies:
  typescript:
    specifier: 5.0.4
    version: 5.0.4

devDependencies:
  '@types/node':
    specifier: ^20.9.0
    version: 20.10.3
  '@types/react':
    specifier: 18.2.7
    version: 18.2.7
  '@types/react-dom':
    specifier: 18.2.4
    version: 18.2.4

packages:

  /@types/node@20.10.3:
    resolution: {integrity: sha512-XJavIpZqiXID5Yxnxv3RUDKTN5b81ddNC3ecsA0SoFXz/QU8OGBwZGMomiq0zw+uuqbL/krztv/DINAQ/EV4gg==}
    dependencies:
      undici-types: 5.26.5
    dev: true

  /@types/prop-types@15.7.11:
    resolution: {integrity: sha512-ga8y9v9uyeiLdpKddhxYQkxNDrfvuPrlFb0N1qnZZByvcElJaXthF1UhvCh9TLWJBEHeNtdnbysW7Y6Uq8CVng==}
    dev: true

  /@types/react-dom@18.2.4:
    resolution: {integrity: sha512-G2mHoTMTL4yoydITgOGwWdWMVd8sNgyEP85xVmMKAPUBwQWm9wBPQUmvbeF4V3WBY1P7mmL4BkjQ0SqUpf1snw==}
    dependencies:
      '@types/react': 18.2.7
    dev: true

  /@types/react@18.2.7:
    resolution: {integrity: sha512-ojrXpSH2XFCmHm7Jy3q44nXDyN54+EYKP2lBhJ2bqfyPj6cIUW/FZW/Csdia34NQgq7KYcAlHi5184m4X88+yw==}
    dependencies:
      '@types/prop-types': 15.7.11
      '@types/scheduler': 0.16.8
      csstype: 3.1.2
    dev: true

  /@types/scheduler@0.16.8:
    resolution: {integrity: sha512-WZLiwShhwLRmeV6zH+GkbOFT6Z6VklCItrDioxUnv+u4Ll+8vKeFySoFyK/0ctcRpOmwAicELfmys1sDc/Rw+A==}
    dev: true

  /csstype@3.1.2:
    resolution: {integrity: sha512-I7K1Uu0MBPzaFKg4nI5Q7Vs2t+3gWWW648spaF+Rg7pI9ds18Ugn+lvg4SHczUdKlHI5LWBXyqfS8+DufyBsgQ==}
    dev: true

  /typescript@5.0.4:
    resolution: {integrity: sha512-cW9T5W9xY37cc+jfEnaUvX91foxtHkza3Nw3wkoF4sSlKn0MONdkdEndig/qPBWXNkmplh3NzayQzCiHM4/hqw==}
    engines: {node: '>=12.20'}
    hasBin: true
    dev: false

  /undici-types@5.26.5:
    resolution: {integrity: sha512-JlCMO+ehdEIKqlFxk6IfVoAUVmgz7cU7zD/h9XZ0qzeosSHmUJVOzSQvvYSYWXkFXC+IfLKSIffhv0sVZup6pA==}
    dev: true
